// !$*UTF8*$!
{
	archiveVersion = 1;
	classes = {
	};
	objectVersion = 56;
	objects = {

/* Begin PBXBuildFile section */
		8640289B2D8C2FE2003A657F /* AppDelegate.swift in Sources */ = {isa = PBXBuildFile; fileRef = 8640289A2D8C2FE2003A657F /* AppDelegate.swift */; };
		8640289D2D8C2FE2003A657F /* SceneDelegate.swift in Sources */ = {isa = PBXBuildFile; fileRef = 8640289C2D8C2FE2003A657F /* SceneDelegate.swift */; };
		864028A22D8C2FE2003A657F /* Base in Resources */ = {isa = PBXBuildFile; fileRef = 864028A12D8C2FE2003A657F /* Base */; };
		864028A52D8C2FE2003A657F /* ProductManagement.xcdatamodeld in Sources */ = {isa = PBXBuildFile; fileRef = 864028A32D8C2FE2003A657F /* ProductManagement.xcdatamodeld */; };
		864028A72D8C2FE4003A657F /* Assets.xcassets in Resources */ = {isa = PBXBuildFile; fileRef = 864028A62D8C2FE4003A657F /* Assets.xcassets */; };
		864028AA2D8C2FE4003A657F /* Base in Resources */ = {isa = PBXBuildFile; fileRef = 864028A92D8C2FE4003A657F /* Base */; };
		864028B82D8C32EB003A657F /* Product.swift in Sources */ = {isa = PBXBuildFile; fileRef = 864028B72D8C32EB003A657F /* Product.swift */; };
		864028BA2D8C334E003A657F /* APIService.swift in Sources */ = {isa = PBXBuildFile; fileRef = 864028B92D8C334E003A657F /* APIService.swift */; };
		864028BC2D8C34B2003A657F /* ProductViewModel.swift in Sources */ = {isa = PBXBuildFile; fileRef = 864028BB2D8C34B2003A657F /* ProductViewModel.swift */; };
		864028BE2D8C3513003A657F /* ProductTableViewCell.swift in Sources */ = {isa = PBXBuildFile; fileRef = 864028BD2D8C3513003A657F /* ProductTableViewCell.swift */; };
		864028C12D8C356E003A657F /* ProductDetailViewController.swift in Sources */ = {isa = PBXBuildFile; fileRef = 864028C02D8C356E003A657F /* ProductDetailViewController.swift */; };
		864028C32D8C35E7003A657F /* ProductListViewController.swift in Sources */ = {isa = PBXBuildFile; fileRef = 864028C22D8C35E7003A657F /* ProductListViewController.swift */; };
		864028C52D8C4A55003A657F /* ProductTableViewCell.xib in Resources */ = {isa = PBXBuildFile; fileRef = 864028C42D8C4A55003A657F /* ProductTableViewCell.xib */; };
/* End PBXBuildFile section */

/* Begin PBXFileReference section */
		864028972D8C2FE2003A657F /* ProductManagement.app */ = {isa = PBXFileReference; explicitFileType = wrapper.application; includeInIndex = 0; path = ProductManagement.app; sourceTree = BUILT_PRODUCTS_DIR; };
		8640289A2D8C2FE2003A657F /* AppDelegate.swift */ = {isa = PBXFileReference; lastKnownFileType = sourcecode.swift; path = AppDelegate.swift; sourceTree = "<group>"; };
		8640289C2D8C2FE2003A657F /* SceneDelegate.swift */ = {isa = PBXFileReference; lastKnownFileType = sourcecode.swift; path = SceneDelegate.swift; sourceTree = "<group>"; };
		864028A12D8C2FE2003A657F /* Base */ = {isa = PBXFileReference; lastKnownFileType = file.storyboard; name = Base; path = Base.lproj/Main.storyboard; sourceTree = "<group>"; };
		864028A42D8C2FE2003A657F /* ProductManagement.xcdatamodel */ = {isa = PBXFileReference; lastKnownFileType = wrapper.xcdatamodel; path = ProductManagement.xcdatamodel; sourceTree = "<group>"; };
		864028A62D8C2FE4003A657F /* Assets.xcassets */ = {isa = PBXFileReference; lastKnownFileType = folder.assetcatalog; path = Assets.xcassets; sourceTree = "<group>"; };
		864028A92D8C2FE4003A657F /* Base */ = {isa = PBXFileReference; lastKnownFileType = file.storyboard; name = Base; path = Base.lproj/LaunchScreen.storyboard; sourceTree = "<group>"; };
		864028AB2D8C2FE4003A657F /* Info.plist */ = {isa = PBXFileReference; lastKnownFileType = text.plist.xml; path = Info.plist; sourceTree = "<group>"; };
		864028B72D8C32EB003A657F /* Product.swift */ = {isa = PBXFileReference; lastKnownFileType = sourcecode.swift; path = Product.swift; sourceTree = "<group>"; };
		864028B92D8C334E003A657F /* APIService.swift */ = {isa = PBXFileReference; lastKnownFileType = sourcecode.swift; path = APIService.swift; sourceTree = "<group>"; };
		864028BB2D8C34B2003A657F /* ProductViewModel.swift */ = {isa = PBXFileReference; lastKnownFileType = sourcecode.swift; path = ProductViewModel.swift; sourceTree = "<group>"; };
		864028BD2D8C3513003A657F /* ProductTableViewCell.swift */ = {isa = PBXFileReference; lastKnownFileType = sourcecode.swift; path = ProductTableViewCell.swift; sourceTree = "<group>"; };
		864028C02D8C356E003A657F /* ProductDetailViewController.swift */ = {isa = PBXFileReference; lastKnownFileType = sourcecode.swift; path = ProductDetailViewController.swift; sourceTree = "<group>"; };
		864028C22D8C35E7003A657F /* ProductListViewController.swift */ = {isa = PBXFileReference; lastKnownFileType = sourcecode.swift; path = ProductListViewController.swift; sourceTree = "<group>"; };
		864028C42D8C4A55003A657F /* ProductTableViewCell.xib */ = {isa = PBXFileReference; lastKnownFileType = file.xib; path = ProductTableViewCell.xib; sourceTree = "<group>"; };
/* End PBXFileReference section */

/* Begin PBXFrameworksBuildPhase section */
		864028942D8C2FE2003A657F /* Frameworks */ = {
			isa = PBXFrameworksBuildPhase;
			buildActionMask = 2147483647;
			files = (
			);
			runOnlyForDeploymentPostprocessing = 0;
		};
/* End PBXFrameworksBuildPhase section */

/* Begin PBXGroup section */
		8640288E2D8C2FE2003A657F = {
			isa = PBXGroup;
			children = (
				864028992D8C2FE2003A657F /* ProductManagement */,
				864028982D8C2FE2003A657F /* Products */,
			);
			sourceTree = "<group>";
		};
		864028982D8C2FE2003A657F /* Products */ = {
			isa = PBXGroup;
			children = (
				864028972D8C2FE2003A657F /* ProductManagement.app */,
			);
			name = Products;
			sourceTree = "<group>";
		};
		864028992D8C2FE2003A657F /* ProductManagement */ = {
			isa = PBXGroup;
			children = (
				864028A02D8C2FE2003A657F /* Main.storyboard */,
				8640289A2D8C2FE2003A657F /* AppDelegate.swift */,
				8640289C2D8C2FE2003A657F /* SceneDelegate.swift */,
				864028B12D8C2FF6003A657F /* Models */,
				864028B32D8C3026003A657F /* Views */,
				864028B22D8C300B003A657F /* ViewModels */,
				864028B42D8C3030003A657F /* Controllers */,
				864028B52D8C3056003A657F /* Services */,
				864028B62D8C3074003A657F /* Utils */,
				864028A62D8C2FE4003A657F /* Assets.xcassets */,
				864028A82D8C2FE4003A657F /* LaunchScreen.storyboard */,
				864028AB2D8C2FE4003A657F /* Info.plist */,
				864028A32D8C2FE2003A657F /* ProductManagement.xcdatamodeld */,
			);
			path = ProductManagement;
			sourceTree = "<group>";
		};
		864028B12D8C2FF6003A657F /* Models */ = {
			isa = PBXGroup;
			children = (
				864028B72D8C32EB003A657F /* Product.swift */,
			);
			path = Models;
			sourceTree = "<group>";
		};
		864028B22D8C300B003A657F /* ViewModels */ = {
			isa = PBXGroup;
			children = (
				864028BB2D8C34B2003A657F /* ProductViewModel.swift */,
			);
			path = ViewModels;
			sourceTree = "<group>";
		};
		864028B32D8C3026003A657F /* Views */ = {
			isa = PBXGroup;
			children = (
				864028BF2D8C3555003A657F /* Cell */,
				864028C02D8C356E003A657F /* ProductDetailViewController.swift */,
			);
			path = Views;
			sourceTree = "<group>";
		};
		864028B42D8C3030003A657F /* Controllers */ = {
			isa = PBXGroup;
			children = (
				864028C22D8C35E7003A657F /* ProductListViewController.swift */,
			);
			path = Controllers;
			sourceTree = "<group>";
		};
		864028B52D8C3056003A657F /* Services */ = {
			isa = PBXGroup;
			children = (
				864028B92D8C334E003A657F /* APIService.swift */,
			);
			path = Services;
			sourceTree = "<group>";
		};
		864028B62D8C3074003A657F /* Utils */ = {
			isa = PBXGroup;
			children = (
			);
			path = Utils;
			sourceTree = "<group>";
		};
		864028BF2D8C3555003A657F /* Cell */ = {
			isa = PBXGroup;
			children = (
				864028BD2D8C3513003A657F /* ProductTableViewCell.swift */,
				864028C42D8C4A55003A657F /* ProductTableViewCell.xib */,
			);
			path = Cell;
			sourceTree = "<group>";
		};
/* End PBXGroup section */

/* Begin PBXNativeTarget section */
		864028962D8C2FE2003A657F /* ProductManagement */ = {
			isa = PBXNativeTarget;
			buildConfigurationList = 864028AE2D8C2FE4003A657F /* Build configuration list for PBXNativeTarget "ProductManagement" */;
			buildPhases = (
				864028932D8C2FE2003A657F /* Sources */,
				864028942D8C2FE2003A657F /* Frameworks */,
				864028952D8C2FE2003A657F /* Resources */,
			);
			buildRules = (
			);
			dependencies = (
			);
			name = ProductManagement;
			productName = ProductManagement;
			productReference = 864028972D8C2FE2003A657F /* ProductManagement.app */;
			productType = "com.apple.product-type.application";
		};
/* End PBXNativeTarget section */

/* Begin PBXProject section */
		8640288F2D8C2FE2003A657F /* Project object */ = {
			isa = PBXProject;
			attributes = {
				BuildIndependentTargetsInParallel = 1;
				LastSwiftUpdateCheck = 1540;
				LastUpgradeCheck = 1540;
				TargetAttributes = {
					864028962D8C2FE2003A657F = {
						CreatedOnToolsVersion = 15.4;
					};
				};
			};
			buildConfigurationList = 864028922D8C2FE2003A657F /* Build configuration list for PBXProject "ProductManagement" */;
			compatibilityVersion = "Xcode 14.0";
			developmentRegion = en;
			hasScannedForEncodings = 0;
			knownRegions = (
				en,
				Base,
			);
			mainGroup = 8640288E2D8C2FE2003A657F;
			productRefGroup = 864028982D8C2FE2003A657F /* Products */;
			projectDirPath = "";
			projectRoot = "";
			targets = (
				864028962D8C2FE2003A657F /* ProductManagement */,
			);
		};
/* End PBXProject section */

/* Begin PBXResourcesBuildPhase section */
		864028952D8C2FE2003A657F /* Resources */ = {
			isa = PBXResourcesBuildPhase;
			buildActionMask = 2147483647;
			files = (
				864028A72D8C2FE4003A657F /* Assets.xcassets in Resources */,
				864028C52D8C4A55003A657F /* ProductTableViewCell.xib in Resources */,
				864028AA2D8C2FE4003A657F /* Base in Resources */,
				864028A22D8C2FE2003A657F /* Base in Resources */,
			);
			runOnlyForDeploymentPostprocessing = 0;
		};
/* End PBXResourcesBuildPhase section */

/* Begin PBXSourcesBuildPhase section */
		864028932D8C2FE2003A657F /* Sources */ = {
			isa = PBXSourcesBuildPhase;
			buildActionMask = 2147483647;
			files = (
				864028BC2D8C34B2003A657F /* ProductViewModel.swift in Sources */,
				864028BE2D8C3513003A657F /* ProductTableViewCell.swift in Sources */,
				864028C32D8C35E7003A657F /* ProductListViewController.swift in Sources */,
				864028C12D8C356E003A657F /* ProductDetailViewController.swift in Sources */,
				864028A52D8C2FE2003A657F /* ProductManagement.xcdatamodeld in Sources */,
				864028B82D8C32EB003A657F /* Product.swift in Sources */,
				8640289B2D8C2FE2003A657F /* AppDelegate.swift in Sources */,
				864028BA2D8C334E003A657F /* APIService.swift in Sources */,
				8640289D2D8C2FE2003A657F /* SceneDelegate.swift in Sources */,
			);
			runOnlyForDeploymentPostprocessing = 0;
		};
/* End PBXSourcesBuildPhase section */

/* Begin PBXVariantGroup section */
		864028A02D8C2FE2003A657F /* Main.storyboard */ = {
			isa = PBXVariantGroup;
			children = (
				864028A12D8C2FE2003A657F /* Base */,
			);
			name = Main.storyboard;
			sourceTree = "<group>";
		};
		864028A82D8C2FE4003A657F /* LaunchScreen.storyboard */ = {
			isa = PBXVariantGroup;
			children = (
				864028A92D8C2FE4003A657F /* Base */,
			);
			name = LaunchScreen.storyboard;
			sourceTree = "<group>";
		};
/* End PBXVariantGroup section */

/* Begin XCBuildConfiguration section */
		864028AC2D8C2FE4003A657F /* Debug */ = {
			isa = XCBuildConfiguration;
			buildSettings = {
				ALWAYS_SEARCH_USER_PATHS = NO;
				ASSETCATALOG_COMPILER_GENERATE_SWIFT_ASSET_SYMBOL_EXTENSIONS = YES;
				CLANG_ANALYZER_NONNULL = YES;
				CLANG_ANALYZER_NUMBER_OBJECT_CONVERSION = YES_AGGRESSIVE;
				CLANG_CXX_LANGUAGE_STANDARD = "gnu++20";
				CLANG_ENABLE_MODULES = YES;
				CLANG_ENABLE_OBJC_ARC = YES;
				CLANG_ENABLE_OBJC_WEAK = YES;
				CLANG_WARN_BLOCK_CAPTURE_AUTORELEASING = YES;
				CLANG_WARN_BOOL_CONVERSION = YES;
				CLANG_WARN_COMMA = YES;
				CLANG_WARN_CONSTANT_CONVERSION = YES;
				CLANG_WARN_DEPRECATED_OBJC_IMPLEMENTATIONS = YES;
				CLANG_WARN_DIRECT_OBJC_ISA_USAGE = YES_ERROR;
				CLANG_WARN_DOCUMENTATION_COMMENTS = YES;
				CLANG_WARN_EMPTY_BODY = YES;
				CLANG_WARN_ENUM_CONVERSION = YES;
				CLANG_WARN_INFINITE_RECURSION = YES;
				CLANG_WARN_INT_CONVERSION = YES;
				CLANG_WARN_NON_LITERAL_NULL_CONVERSION = YES;
				CLANG_WARN_OBJC_IMPLICIT_RETAIN_SELF = YES;
				CLANG_WARN_OBJC_LITERAL_CONVERSION = YES;
				CLANG_WARN_OBJC_ROOT_CLASS = YES_ERROR;
				CLANG_WARN_QUOTED_INCLUDE_IN_FRAMEWORK_HEADER = YES;
				CLANG_WARN_RANGE_LOOP_ANALYSIS = YES;
				CLANG_WARN_STRICT_PROTOTYPES = YES;
				CLANG_WARN_SUSPICIOUS_MOVE = YES;
				CLANG_WARN_UNGUARDED_AVAILABILITY = YES_AGGRESSIVE;
				CLANG_WARN_UNREACHABLE_CODE = YES;
				CLANG_WARN__DUPLICATE_METHOD_MATCH = YES;
				COPY_PHASE_STRIP = NO;
				DEBUG_INFORMATION_FORMAT = dwarf;
				ENABLE_STRICT_OBJC_MSGSEND = YES;
				ENABLE_TESTABILITY = YES;
				ENABLE_USER_SCRIPT_SANDBOXING = YES;
				GCC_C_LANGUAGE_STANDARD = gnu17;
				GCC_DYNAMIC_NO_PIC = NO;
				GCC_NO_COMMON_BLOCKS = YES;
				GCC_OPTIMIZATION_LEVEL = 0;
				GCC_PREPROCESSOR_DEFINITIONS = (
					"DEBUG=1",
					"$(inherited)",
				);
				GCC_WARN_64_TO_32_BIT_CONVERSION = YES;
				GCC_WARN_ABOUT_RETURN_TYPE = YES_ERROR;
				GCC_WARN_UNDECLARED_SELECTOR = YES;
				GCC_WARN_UNINITIALIZED_AUTOS = YES_AGGRESSIVE;
				GCC_WARN_UNUSED_FUNCTION = YES;
				GCC_WARN_UNUSED_VARIABLE = YES;
				IPHONEOS_DEPLOYMENT_TARGET = 17.5;
				LOCALIZATION_PREFERS_STRING_CATALOGS = YES;
				MTL_ENABLE_DEBUG_INFO = INCLUDE_SOURCE;
				MTL_FAST_MATH = YES;
				ONLY_ACTIVE_ARCH = YES;
				SDKROOT = iphoneos;
				SWIFT_ACTIVE_COMPILATION_CONDITIONS = "DEBUG $(inherited)";
				SWIFT_OPTIMIZATION_LEVEL = "-Onone";
			};
			name = Debug;
		};
		864028AD2D8C2FE4003A657F /* Release */ = {
			isa = XCBuildConfiguration;
			buildSettings = {
				ALWAYS_SEARCH_USER_PATHS = NO;
				ASSETCATALOG_COMPILER_GENERATE_SWIFT_ASSET_SYMBOL_EXTENSIONS = YES;
				CLANG_ANALYZER_NONNULL = YES;
				CLANG_ANALYZER_NUMBER_OBJECT_CONVERSION = YES_AGGRESSIVE;
				CLANG_CXX_LANGUAGE_STANDARD = "gnu++20";
				CLANG_ENABLE_MODULES = YES;
				CLANG_ENABLE_OBJC_ARC = YES;
				CLANG_ENABLE_OBJC_WEAK = YES;
				CLANG_WARN_BLOCK_CAPTURE_AUTORELEASING = YES;
				CLANG_WARN_BOOL_CONVERSION = YES;
				CLANG_WARN_COMMA = YES;
				CLANG_WARN_CONSTANT_CONVERSION = YES;
				CLANG_WARN_DEPRECATED_OBJC_IMPLEMENTATIONS = YES;
				CLANG_WARN_DIRECT_OBJC_ISA_USAGE = YES_ERROR;
				CLANG_WARN_DOCUMENTATION_COMMENTS = YES;
				CLANG_WARN_EMPTY_BODY = YES;
				CLANG_WARN_ENUM_CONVERSION = YES;
				CLANG_WARN_INFINITE_RECURSION = YES;
				CLANG_WARN_INT_CONVERSION = YES;
				CLANG_WARN_NON_LITERAL_NULL_CONVERSION = YES;
				CLANG_WARN_OBJC_IMPLICIT_RETAIN_SELF = YES;
				CLANG_WARN_OBJC_LITERAL_CONVERSION = YES;
				CLANG_WARN_OBJC_ROOT_CLASS = YES_ERROR;
				CLANG_WARN_QUOTED_INCLUDE_IN_FRAMEWORK_HEADER = YES;
				CLANG_WARN_RANGE_LOOP_ANALYSIS = YES;
				CLANG_WARN_STRICT_PROTOTYPES = YES;
				CLANG_WARN_SUSPICIOUS_MOVE = YES;
				CLANG_WARN_UNGUARDED_AVAILABILITY = YES_AGGRESSIVE;
				CLANG_WARN_UNREACHABLE_CODE = YES;
				CLANG_WARN__DUPLICATE_METHOD_MATCH = YES;
				COPY_PHASE_STRIP = NO;
				DEBUG_INFORMATION_FORMAT = "dwarf-with-dsym";
				ENABLE_NS_ASSERTIONS = NO;
				ENABLE_STRICT_OBJC_MSGSEND = YES;
				ENABLE_USER_SCRIPT_SANDBOXING = YES;
				GCC_C_LANGUAGE_STANDARD = gnu17;
				GCC_NO_COMMON_BLOCKS = YES;
				GCC_WARN_64_TO_32_BIT_CONVERSION = YES;
				GCC_WARN_ABOUT_RETURN_TYPE = YES_ERROR;
				GCC_WARN_UNDECLARED_SELECTOR = YES;
				GCC_WARN_UNINITIALIZED_AUTOS = YES_AGGRESSIVE;
				GCC_WARN_UNUSED_FUNCTION = YES;
				GCC_WARN_UNUSED_VARIABLE = YES;
				IPHONEOS_DEPLOYMENT_TARGET = 17.5;
				LOCALIZATION_PREFERS_STRING_CATALOGS = YES;
				MTL_ENABLE_DEBUG_INFO = NO;
				MTL_FAST_MATH = YES;
				SDKROOT = iphoneos;
				SWIFT_COMPILATION_MODE = wholemodule;
				VALIDATE_PRODUCT = YES;
			};
			name = Release;
		};
		864028AF2D8C2FE4003A657F /* Debug */ = {
			isa = XCBuildConfiguration;
			buildSettings = {
				ASSETCATALOG_COMPILER_APPICON_NAME = AppIcon;
				ASSETCATALOG_COMPILER_GLOBAL_ACCENT_COLOR_NAME = AccentColor;
				CODE_SIGN_STYLE = Automatic;
				CURRENT_PROJECT_VERSION = 1;
				DEVELOPMENT_TEAM = DQXV2AHZWT;
				GENERATE_INFOPLIST_FILE = YES;
				INFOPLIST_FILE = ProductManagement/Info.plist;
				INFOPLIST_KEY_UIApplicationSupportsIndirectInputEvents = YES;
				INFOPLIST_KEY_UILaunchStoryboardName = LaunchScreen;
				INFOPLIST_KEY_UIMainStoryboardFile = Main;
				INFOPLIST_KEY_UISupportedInterfaceOrientations_iPad = "UIInterfaceOrientationPortrait UIInterfaceOrientationPortraitUpsideDown UIInterfaceOrientationLandscapeLeft UIInterfaceOrientationLandscapeRight";
				INFOPLIST_KEY_UISupportedInterfaceOrientations_iPhone = "UIInterfaceOrientationPortrait UIInterfaceOrientationLandscapeLeft UIInterfaceOrientationLandscapeRight";
				LD_RUNPATH_SEARCH_PATHS = (
					"$(inherited)",
					"@executable_path/Frameworks",
				);
				MARKETING_VERSION = 1.0;
				PRODUCT_BUNDLE_IDENTIFIER = com.Sikarwar.ProductManagement;
				PRODUCT_NAME = "$(TARGET_NAME)";
				SWIFT_EMIT_LOC_STRINGS = YES;
				SWIFT_VERSION = 5.0;
				TARGETED_DEVICE_FAMILY = "1,2";
			};
			name = Debug;
		};
		864028B02D8C2FE4003A657F /* Release */ = {
			isa = XCBuildConfiguration;
			buildSettings = {
				ASSETCATALOG_COMPILER_APPICON_NAME = AppIcon;
				ASSETCATALOG_COMPILER_GLOBAL_ACCENT_COLOR_NAME = AccentColor;
				CODE_SIGN_STYLE = Automatic;
				CURRENT_PROJECT_VERSION = 1;
				DEVELOPMENT_TEAM = DQXV2AHZWT;
				GENERATE_INFOPLIST_FILE = YES;
				INFOPLIST_FILE = ProductManagement/Info.plist;
				INFOPLIST_KEY_UIApplicationSupportsIndirectInputEvents = YES;
				INFOPLIST_KEY_UILaunchStoryboardName = LaunchScreen;
				INFOPLIST_KEY_UIMainStoryboardFile = Main;
				INFOPLIST_KEY_UISupportedInterfaceOrientations_iPad = "UIInterfaceOrientationPortrait UIInterfaceOrientationPortraitUpsideDown UIInterfaceOrientationLandscapeLeft UIInterfaceOrientationLandscapeRight";
				INFOPLIST_KEY_UISupportedInterfaceOrientations_iPhone = "UIInterfaceOrientationPortrait UIInterfaceOrientationLandscapeLeft UIInterfaceOrientationLandscapeRight";
				LD_RUNPATH_SEARCH_PATHS = (
					"$(inherited)",
					"@executable_path/Frameworks",
				);
				MARKETING_VERSION = 1.0;
				PRODUCT_BUNDLE_IDENTIFIER = com.Sikarwar.ProductManagement;
				PRODUCT_NAME = "$(TARGET_NAME)";
				SWIFT_EMIT_LOC_STRINGS = YES;
				SWIFT_VERSION = 5.0;
				TARGETED_DEVICE_FAMILY = "1,2";
			};
			name = Release;
		};
/* End XCBuildConfiguration section */

/* Begin XCConfigurationList section */
		864028922D8C2FE2003A657F /* Build configuration list for PBXProject "ProductManagement" */ = {
			isa = XCConfigurationList;
			buildConfigurations = (
				864028AC2D8C2FE4003A657F /* Debug */,
				864028AD2D8C2FE4003A657F /* Release */,
			);
			defaultConfigurationIsVisible = 0;
			defaultConfigurationName = Release;
		};
		864028AE2D8C2FE4003A657F /* Build configuration list for PBXNativeTarget "ProductManagement" */ = {
			isa = XCConfigurationList;
			buildConfigurations = (
				864028AF2D8C2FE4003A657F /* Debug */,
				864028B02D8C2FE4003A657F /* Release */,
			);
			defaultConfigurationIsVisible = 0;
			defaultConfigurationName = Release;
		};
/* End XCConfigurationList section */

/* Begin XCVersionGroup section */
		864028A32D8C2FE2003A657F /* ProductManagement.xcdatamodeld */ = {
			isa = XCVersionGroup;
			children = (
				864028A42D8C2FE2003A657F /* ProductManagement.xcdatamodel */,
			);
			currentVersion = 864028A42D8C2FE2003A657F /* ProductManagement.xcdatamodel */;
			path = ProductManagement.xcdatamodeld;
			sourceTree = "<group>";
			versionGroupType = wrapper.xcdatamodel;
		};
/* End XCVersionGroup section */
	};
	rootObject = 8640288F2D8C2FE2003A657F /* Project object */;
}
